
Microsoft Visual Studio Solution File, Format Version 12.00
# Visual Studio 2015
Project("{FAE04EC0-301F-11D3-BF4B-00C04F79EFBC}") = "GameGrafo_04 - ESTÁVEL - SENAC 07", "GameGrafo_04 - ESTÁVEL - SENAC 07.csproj", "{FF9C7AF8-ADDD-D187-44CA-2A016D68E00E}"
EndProject
Global
	GlobalSection(SolutionConfigurationPlatforms) = preSolution
		Debug|Any CPU = Debug|Any CPU
		Release|Any CPU = Release|Any CPU
	EndGlobalSection
	GlobalSection(ProjectConfigurationPlatforms) = postSolution
		{FF9C7AF8-ADDD-D187-44CA-2A016D68E00E}.Debug|Any CPU.ActiveCfg = Debug|Any CPU
		{FF9C7AF8-ADDD-D187-44CA-2A016D68E00E}.Debug|Any CPU.Build.0 = Debug|Any CPU
		{FF9C7AF8-ADDD-D187-44CA-2A016D68E00E}.Release|Any CPU.ActiveCfg = Release|Any CPU
		{FF9C7AF8-ADDD-D187-44CA-2A016D68E00E}.Release|Any CPU.Build.0 = Release|Any CPU
	EndGlobalSection
	GlobalSection(SolutionProperties) = preSolution
		HideSolutionNode = FALSE
	EndGlobalSection
EndGlobal
